
Microsoft Visual Studio Solution File, Format Version 12.00
# Visual Studio 15
VisualStudioVersion = 15.0.28010.2048
MinimumVisualStudioVersion = 10.0.40219.1
Project("{FAE04EC0-301F-11D3-BF4B-00C04F79EFBC}") = "labproject", "labproject\labproject.csproj", "{B3703809-805B-4163-ACAF-BB3BA5F94423}"
EndProject
Global
	GlobalSection(SolutionConfigurationPlatforms) = preSolution
		Debug|Any CPU = Debug|Any CPU
		Release|Any CPU = Release|Any CPU
	EndGlobalSection
	GlobalSection(ProjectConfigurationPlatforms) = postSolution
		{B3703809-805B-4163-ACAF-BB3BA5F94423}.Debug|Any CPU.ActiveCfg = Debug|Any CPU
		{B3703809-805B-4163-ACAF-BB3BA5F94423}.Debug|Any CPU.Build.0 = Debug|Any CPU
		{B3703809-805B-4163-ACAF-BB3BA5F94423}.Release|Any CPU.ActiveCfg = Release|Any CPU
		{B3703809-805B-4163-ACAF-BB3BA5F94423}.Release|Any CPU.Build.0 = Release|Any CPU
	EndGlobalSection
	GlobalSection(SolutionProperties) = preSolution
		HideSolutionNode = FALSE
	EndGlobalSection
	GlobalSection(ExtensibilityGlobals) = postSolution
		SolutionGuid = {FD319566-DD49-4D03-8FDB-D64E33EAB30D}
	EndGlobalSection
EndGlobal
